
Microsoft Visual Studio Solution File, Format Version 12.00
# Visual Studio 2013
VisualStudioVersion = 12.0.21005.1
MinimumVisualStudioVersion = 10.0.40219.1
Project("{F2A71F9B-5D33-465A-A702-920D77279786}") = "Settings", "examples\Settings\Settings.fsproj", "{5D2BDD14-E623-47C7-B25C-0A4AB68C668B}"
EndProject
Project("{FAE04EC0-301F-11D3-BF4B-00C04F79EFBC}") = "CSharpExample", "examples\CSharpExample\CSharpExample.csproj", "{6E133A7E-6154-4271-A64A-A4978EF58684}"
EndProject
Global
	GlobalSection(SolutionConfigurationPlatforms) = preSolution
		Debug|Any CPU = Debug|Any CPU
		Release|Any CPU = Release|Any CPU
	EndGlobalSection
	GlobalSection(ProjectConfigurationPlatforms) = postSolution
		{5D2BDD14-E623-47C7-B25C-0A4AB68C668B}.Debug|Any CPU.ActiveCfg = Debug|Any CPU
		{5D2BDD14-E623-47C7-B25C-0A4AB68C668B}.Debug|Any CPU.Build.0 = Debug|Any CPU
		{5D2BDD14-E623-47C7-B25C-0A4AB68C668B}.Release|Any CPU.ActiveCfg = Release|Any CPU
		{5D2BDD14-E623-47C7-B25C-0A4AB68C668B}.Release|Any CPU.Build.0 = Release|Any CPU
		{6E133A7E-6154-4271-A64A-A4978EF58684}.Debug|Any CPU.ActiveCfg = Debug|Any CPU
		{6E133A7E-6154-4271-A64A-A4978EF58684}.Debug|Any CPU.Build.0 = Debug|Any CPU
		{6E133A7E-6154-4271-A64A-A4978EF58684}.Release|Any CPU.ActiveCfg = Release|Any CPU
		{6E133A7E-6154-4271-A64A-A4978EF58684}.Release|Any CPU.Build.0 = Release|Any CPU
	EndGlobalSection
	GlobalSection(SolutionProperties) = preSolution
		HideSolutionNode = FALSE
	EndGlobalSection
EndGlobal
